// !$*UTF8*$!
{
	archiveVersion = 1;
	classes = {
	};
	objectVersion = 50;
	objects = {

/* Begin PBXBuildFile section */
		04B2FCFC221D8A8700932D19 /* AppDelegate.swift in Sources */ = {isa = PBXBuildFile; fileRef = 04B2FCFB221D8A8700932D19 /* AppDelegate.swift */; };
		04B2FCFE221D8A8700932D19 /* ViewController.swift in Sources */ = {isa = PBXBuildFile; fileRef = 04B2FCFD221D8A8700932D19 /* ViewController.swift */; };
		04B2FD01221D8A8700932D19 /* Main.storyboard in Resources */ = {isa = PBXBuildFile; fileRef = 04B2FCFF221D8A8700932D19 /* Main.storyboard */; };
		04B2FD03221D8A8900932D19 /* Assets.xcassets in Resources */ = {isa = PBXBuildFile; fileRef = 04B2FD02221D8A8900932D19 /* Assets.xcassets */; };
		04B2FD06221D8A8900932D19 /* LaunchScreen.storyboard in Resources */ = {isa = PBXBuildFile; fileRef = 04B2FD04221D8A8900932D19 /* LaunchScreen.storyboard */; };
		04B2FD12221D8FAB00932D19 /* JavaScript.swift in Sources */ = {isa = PBXBuildFile; fileRef = 04B2FD11221D8FAB00932D19 /* JavaScript.swift */; };
		04B2FD1C221DC13600932D19 /* SwiftProtobuf.framework in Frameworks */ = {isa = PBXBuildFile; fileRef = 04B2FD1B221DC13600932D19 /* SwiftProtobuf.framework */; };
		04B2FD1E221DC18400932D19 /* blackbox.pb.swift in Sources */ = {isa = PBXBuildFile; fileRef = 04B2FD1D221DC18400932D19 /* blackbox.pb.swift */; };
		04B2FD2C22226D4600932D19 /* main.js in Resources */ = {isa = PBXBuildFile; fileRef = 04B2FD2B22226D4600932D19 /* main.js */; };
		04B2FD2F2222749D00932D19 /* BBArrayConverter.m in Sources */ = {isa = PBXBuildFile; fileRef = 04B2FD2E2222749D00932D19 /* BBArrayConverter.m */; };
/* End PBXBuildFile section */

/* Begin PBXFileReference section */
		04B2FCF8221D8A8700932D19 /* BlackBox.app */ = {isa = PBXFileReference; explicitFileType = wrapper.application; includeInIndex = 0; path = BlackBox.app; sourceTree = BUILT_PRODUCTS_DIR; };
		04B2FCFB221D8A8700932D19 /* AppDelegate.swift */ = {isa = PBXFileReference; lastKnownFileType = sourcecode.swift; path = AppDelegate.swift; sourceTree = "<group>"; };
		04B2FCFD221D8A8700932D19 /* ViewController.swift */ = {isa = PBXFileReference; lastKnownFileType = sourcecode.swift; path = ViewController.swift; sourceTree = "<group>"; };
		04B2FD00221D8A8700932D19 /* Base */ = {isa = PBXFileReference; lastKnownFileType = file.storyboard; name = Base; path = Base.lproj/Main.storyboard; sourceTree = "<group>"; };
		04B2FD02221D8A8900932D19 /* Assets.xcassets */ = {isa = PBXFileReference; lastKnownFileType = folder.assetcatalog; path = Assets.xcassets; sourceTree = "<group>"; };
		04B2FD05221D8A8900932D19 /* Base */ = {isa = PBXFileReference; lastKnownFileType = file.storyboard; name = Base; path = Base.lproj/LaunchScreen.storyboard; sourceTree = "<group>"; };
		04B2FD07221D8A8900932D19 /* Info.plist */ = {isa = PBXFileReference; lastKnownFileType = text.plist.xml; path = Info.plist; sourceTree = "<group>"; };
		04B2FD0D221D8BF200932D19 /* BlackBox-Bridging-Header.h */ = {isa = PBXFileReference; lastKnownFileType = sourcecode.c.h; path = "BlackBox-Bridging-Header.h"; sourceTree = "<group>"; };
		04B2FD11221D8FAB00932D19 /* JavaScript.swift */ = {isa = PBXFileReference; lastKnownFileType = sourcecode.swift; path = JavaScript.swift; sourceTree = "<group>"; };
		04B2FD18221DC05200932D19 /* SwiftProtobuf.framework */ = {isa = PBXFileReference; lastKnownFileType = wrapper.framework; name = SwiftProtobuf.framework; path = BlackBox/Carthage/Build/iOS/SwiftProtobuf.framework; sourceTree = "<group>"; };
		04B2FD1B221DC13600932D19 /* SwiftProtobuf.framework */ = {isa = PBXFileReference; lastKnownFileType = wrapper.framework; name = SwiftProtobuf.framework; path = Carthage/Build/iOS/SwiftProtobuf.framework; sourceTree = "<group>"; };
		04B2FD1D221DC18400932D19 /* blackbox.pb.swift */ = {isa = PBXFileReference; fileEncoding = 4; lastKnownFileType = sourcecode.swift; path = blackbox.pb.swift; sourceTree = "<group>"; };
		04B2FD2B22226D4600932D19 /* main.js */ = {isa = PBXFileReference; fileEncoding = 4; lastKnownFileType = sourcecode.javascript; name = main.js; path = js/dist/main.js; sourceTree = "<group>"; };
		04B2FD2D2222749D00932D19 /* BBArrayConverter.h */ = {isa = PBXFileReference; lastKnownFileType = sourcecode.c.h; path = BBArrayConverter.h; sourceTree = "<group>"; };
		04B2FD2E2222749D00932D19 /* BBArrayConverter.m */ = {isa = PBXFileReference; lastKnownFileType = sourcecode.c.objc; path = BBArrayConverter.m; sourceTree = "<group>"; };
/* End PBXFileReference section */

/* Begin PBXFrameworksBuildPhase section */
		04B2FCF5221D8A8700932D19 /* Frameworks */ = {
			isa = PBXFrameworksBuildPhase;
			buildActionMask = 2147483647;
			files = (
				04B2FD1C221DC13600932D19 /* SwiftProtobuf.framework in Frameworks */,
			);
			runOnlyForDeploymentPostprocessing = 0;
		};
/* End PBXFrameworksBuildPhase section */

/* Begin PBXGroup section */
		04B2FCEF221D8A8700932D19 = {
			isa = PBXGroup;
			children = (
				04B2FCFA221D8A8700932D19 /* BlackBox */,
				04B2FCF9221D8A8700932D19 /* Products */,
				04B2FD17221DC05200932D19 /* Frameworks */,
			);
			sourceTree = "<group>";
		};
		04B2FCF9221D8A8700932D19 /* Products */ = {
			isa = PBXGroup;
			children = (
				04B2FCF8221D8A8700932D19 /* BlackBox.app */,
			);
			name = Products;
			sourceTree = "<group>";
		};
		04B2FCFA221D8A8700932D19 /* BlackBox */ = {
			isa = PBXGroup;
			children = (
				04B2FCFB221D8A8700932D19 /* AppDelegate.swift */,
				04B2FD2B22226D4600932D19 /* main.js */,
				04B2FCFD221D8A8700932D19 /* ViewController.swift */,
				04B2FD11221D8FAB00932D19 /* JavaScript.swift */,
				04B2FD2D2222749D00932D19 /* BBArrayConverter.h */,
				04B2FD2E2222749D00932D19 /* BBArrayConverter.m */,
				04B2FD1D221DC18400932D19 /* blackbox.pb.swift */,
				04B2FCFF221D8A8700932D19 /* Main.storyboard */,
				04B2FD02221D8A8900932D19 /* Assets.xcassets */,
				04B2FD04221D8A8900932D19 /* LaunchScreen.storyboard */,
				04B2FD07221D8A8900932D19 /* Info.plist */,
				04B2FD0D221D8BF200932D19 /* BlackBox-Bridging-Header.h */,
			);
			path = BlackBox;
			sourceTree = "<group>";
		};
		04B2FD17221DC05200932D19 /* Frameworks */ = {
			isa = PBXGroup;
			children = (
				04B2FD1B221DC13600932D19 /* SwiftProtobuf.framework */,
				04B2FD18221DC05200932D19 /* SwiftProtobuf.framework */,
			);
			name = Frameworks;
			sourceTree = "<group>";
		};
/* End PBXGroup section */

/* Begin PBXNativeTarget section */
		04B2FCF7221D8A8700932D19 /* BlackBox */ = {
			isa = PBXNativeTarget;
			buildConfigurationList = 04B2FD0A221D8A8900932D19 /* Build configuration list for PBXNativeTarget "BlackBox" */;
			buildPhases = (
				04B2FD1F221DD0FC00932D19 /* Proto */,
				04B2FD2A221DF09300932D19 /* NPM */,
				04B2FCF4221D8A8700932D19 /* Sources */,
				04B2FCF5221D8A8700932D19 /* Frameworks */,
				04B2FCF6221D8A8700932D19 /* Resources */,
				04B2FD1A221DC06A00932D19 /* Carthage Copy Frameworks */,
			);
			buildRules = (
			);
			dependencies = (
			);
			name = BlackBox;
			productName = BlackBox;
			productReference = 04B2FCF8221D8A8700932D19 /* BlackBox.app */;
			productType = "com.apple.product-type.application";
		};
/* End PBXNativeTarget section */

/* Begin PBXProject section */
		04B2FCF0221D8A8700932D19 /* Project object */ = {
			isa = PBXProject;
			attributes = {
				LastSwiftUpdateCheck = 1010;
				LastUpgradeCheck = 1010;
				ORGANIZATIONNAME = Jack;
				TargetAttributes = {
					04B2FCF7221D8A8700932D19 = {
						CreatedOnToolsVersion = 10.1;
						LastSwiftMigration = 1010;
					};
				};
			};
			buildConfigurationList = 04B2FCF3221D8A8700932D19 /* Build configuration list for PBXProject "BlackBox" */;
			compatibilityVersion = "Xcode 9.3";
			developmentRegion = en;
			hasScannedForEncodings = 0;
			knownRegions = (
				en,
				Base,
			);
			mainGroup = 04B2FCEF221D8A8700932D19;
			productRefGroup = 04B2FCF9221D8A8700932D19 /* Products */;
			projectDirPath = "";
			projectRoot = "";
			targets = (
				04B2FCF7221D8A8700932D19 /* BlackBox */,
			);
		};
/* End PBXProject section */

/* Begin PBXResourcesBuildPhase section */
		04B2FCF6221D8A8700932D19 /* Resources */ = {
			isa = PBXResourcesBuildPhase;
			buildActionMask = 2147483647;
			files = (
				04B2FD06221D8A8900932D19 /* LaunchScreen.storyboard in Resources */,
				04B2FD03221D8A8900932D19 /* Assets.xcassets in Resources */,
				04B2FD01221D8A8700932D19 /* Main.storyboard in Resources */,
				04B2FD2C22226D4600932D19 /* main.js in Resources */,
			);
			runOnlyForDeploymentPostprocessing = 0;
		};
/* End PBXResourcesBuildPhase section */

/* Begin PBXShellScriptBuildPhase section */
		04B2FD1A221DC06A00932D19 /* Carthage Copy Frameworks */ = {
			isa = PBXShellScriptBuildPhase;
			buildActionMask = 2147483647;
			files = (
			);
			inputFileListPaths = (
			);
			inputPaths = (
				"$(SRCROOT)/Carthage/Build/iOS/SwiftProtobuf.framework",
			);
			name = "Carthage Copy Frameworks";
			outputFileListPaths = (
			);
			outputPaths = (
				"$(BUILT_PRODUCTS_DIR)/$(FRAMEWORKS_FOLDER_PATH)/SwiftProtobuf.framework",
			);
			runOnlyForDeploymentPostprocessing = 0;
			shellPath = /bin/sh;
			shellScript = "/usr/local/bin/carthage copy-frameworks\n";
		};
		04B2FD1F221DD0FC00932D19 /* Proto */ = {
			isa = PBXShellScriptBuildPhase;
			buildActionMask = 2147483647;
			files = (
			);
			inputFileListPaths = (
			);
			inputPaths = (
				"$(SRCROOT)/BlackBox/blackbox.proto",
			);
			name = Proto;
			outputFileListPaths = (
			);
			outputPaths = (
				"$(SRCROOT)/BlackBox/blackbox.pb.swift",
				"$(SRCROOT)/BlackBox/js/blackbox_pb.js",
			);
			runOnlyForDeploymentPostprocessing = 0;
			shellPath = /bin/sh;
			shellScript = "protoc -I $SRCROOT --swift_out=$SRCROOT $SRCROOT/BlackBox/blackbox.proto\n";
		};
		04B2FD2A221DF09300932D19 /* NPM */ = {
			isa = PBXShellScriptBuildPhase;
			buildActionMask = 2147483647;
			files = (
			);
			inputFileListPaths = (
			);
			inputPaths = (
			);
			name = NPM;
			outputFileListPaths = (
			);
			outputPaths = (
			);
			runOnlyForDeploymentPostprocessing = 0;
			shellPath = /bin/sh;
			shellScript = "cd $SRCROOT/BlackBox/js\nnpm run-script build\n";
		};
/* End PBXShellScriptBuildPhase section */

/* Begin PBXSourcesBuildPhase section */
		04B2FCF4221D8A8700932D19 /* Sources */ = {
			isa = PBXSourcesBuildPhase;
			buildActionMask = 2147483647;
			files = (
				04B2FCFE221D8A8700932D19 /* ViewController.swift in Sources */,
				04B2FD12221D8FAB00932D19 /* JavaScript.swift in Sources */,
				04B2FD1E221DC18400932D19 /* blackbox.pb.swift in Sources */,
				04B2FD2F2222749D00932D19 /* BBArrayConverter.m in Sources */,
				04B2FCFC221D8A8700932D19 /* AppDelegate.swift in Sources */,
			);
			runOnlyForDeploymentPostprocessing = 0;
		};
/* End PBXSourcesBuildPhase section */

/* Begin PBXVariantGroup section */
		04B2FCFF221D8A8700932D19 /* Main.storyboard */ = {
			isa = PBXVariantGroup;
			children = (
				04B2FD00221D8A8700932D19 /* Base */,
			);
			name = Main.storyboard;
			sourceTree = "<group>";
		};
		04B2FD04221D8A8900932D19 /* LaunchScreen.storyboard */ = {
			isa = PBXVariantGroup;
			children = (
				04B2FD05221D8A8900932D19 /* Base */,
			);
			name = LaunchScreen.storyboard;
			sourceTree = "<group>";
		};
/* End PBXVariantGroup section */

/* Begin XCBuildConfiguration section */
		04B2FD08221D8A8900932D19 /* Debug */ = {
			isa = XCBuildConfiguration;
			buildSettings = {
				ALWAYS_SEARCH_USER_PATHS = NO;
				CLANG_ANALYZER_NONNULL = YES;
				CLANG_ANALYZER_NUMBER_OBJECT_CONVERSION = YES_AGGRESSIVE;
				CLANG_CXX_LANGUAGE_STANDARD = "gnu++14";
				CLANG_CXX_LIBRARY = "libc++";
				CLANG_ENABLE_MODULES = YES;
				CLANG_ENABLE_OBJC_ARC = YES;
				CLANG_ENABLE_OBJC_WEAK = YES;
				CLANG_WARN_BLOCK_CAPTURE_AUTORELEASING = YES;
				CLANG_WARN_BOOL_CONVERSION = YES;
				CLANG_WARN_COMMA = YES;
				CLANG_WARN_CONSTANT_CONVERSION = YES;
				CLANG_WARN_DEPRECATED_OBJC_IMPLEMENTATIONS = YES;
				CLANG_WARN_DIRECT_OBJC_ISA_USAGE = YES_ERROR;
				CLANG_WARN_DOCUMENTATION_COMMENTS = YES;
				CLANG_WARN_EMPTY_BODY = YES;
				CLANG_WARN_ENUM_CONVERSION = YES;
				CLANG_WARN_INFINITE_RECURSION = YES;
				CLANG_WARN_INT_CONVERSION = YES;
				CLANG_WARN_NON_LITERAL_NULL_CONVERSION = YES;
				CLANG_WARN_OBJC_IMPLICIT_RETAIN_SELF = YES;
				CLANG_WARN_OBJC_LITERAL_CONVERSION = YES;
				CLANG_WARN_OBJC_ROOT_CLASS = YES_ERROR;
				CLANG_WARN_RANGE_LOOP_ANALYSIS = YES;
				CLANG_WARN_STRICT_PROTOTYPES = YES;
				CLANG_WARN_SUSPICIOUS_MOVE = YES;
				CLANG_WARN_UNGUARDED_AVAILABILITY = YES_AGGRESSIVE;
				CLANG_WARN_UNREACHABLE_CODE = YES;
				CLANG_WARN__DUPLICATE_METHOD_MATCH = YES;
				CODE_SIGN_IDENTITY = "iPhone Developer";
				COPY_PHASE_STRIP = NO;
				DEBUG_INFORMATION_FORMAT = dwarf;
				ENABLE_STRICT_OBJC_MSGSEND = YES;
				ENABLE_TESTABILITY = YES;
				GCC_C_LANGUAGE_STANDARD = gnu11;
				GCC_DYNAMIC_NO_PIC = NO;
				GCC_NO_COMMON_BLOCKS = YES;
				GCC_OPTIMIZATION_LEVEL = 0;
				GCC_PREPROCESSOR_DEFINITIONS = (
					"DEBUG=1",
					"$(inherited)",
				);
				GCC_WARN_64_TO_32_BIT_CONVERSION = YES;
				GCC_WARN_ABOUT_RETURN_TYPE = YES_ERROR;
				GCC_WARN_UNDECLARED_SELECTOR = YES;
				GCC_WARN_UNINITIALIZED_AUTOS = YES_AGGRESSIVE;
				GCC_WARN_UNUSED_FUNCTION = YES;
				GCC_WARN_UNUSED_VARIABLE = YES;
				IPHONEOS_DEPLOYMENT_TARGET = 12.1;
				MTL_ENABLE_DEBUG_INFO = INCLUDE_SOURCE;
				MTL_FAST_MATH = YES;
				ONLY_ACTIVE_ARCH = YES;
				SDKROOT = iphoneos;
				SWIFT_ACTIVE_COMPILATION_CONDITIONS = DEBUG;
				SWIFT_OPTIMIZATION_LEVEL = "-Onone";
			};
			name = Debug;
		};
		04B2FD09221D8A8900932D19 /* Release */ = {
			isa = XCBuildConfiguration;
			buildSettings = {
				ALWAYS_SEARCH_USER_PATHS = NO;
				CLANG_ANALYZER_NONNULL = YES;
				CLANG_ANALYZER_NUMBER_OBJECT_CONVERSION = YES_AGGRESSIVE;
				CLANG_CXX_LANGUAGE_STANDARD = "gnu++14";
				CLANG_CXX_LIBRARY = "libc++";
				CLANG_ENABLE_MODULES = YES;
				CLANG_ENABLE_OBJC_ARC = YES;
				CLANG_ENABLE_OBJC_WEAK = YES;
				CLANG_WARN_BLOCK_CAPTURE_AUTORELEASING = YES;
				CLANG_WARN_BOOL_CONVERSION = YES;
				CLANG_WARN_COMMA = YES;
				CLANG_WARN_CONSTANT_CONVERSION = YES;
				CLANG_WARN_DEPRECATED_OBJC_IMPLEMENTATIONS = YES;
				CLANG_WARN_DIRECT_OBJC_ISA_USAGE = YES_ERROR;
				CLANG_WARN_DOCUMENTATION_COMMENTS = YES;
				CLANG_WARN_EMPTY_BODY = YES;
				CLANG_WARN_ENUM_CONVERSION = YES;
				CLANG_WARN_INFINITE_RECURSION = YES;
				CLANG_WARN_INT_CONVERSION = YES;
				CLANG_WARN_NON_LITERAL_NULL_CONVERSION = YES;
				CLANG_WARN_OBJC_IMPLICIT_RETAIN_SELF = YES;
				CLANG_WARN_OBJC_LITERAL_CONVERSION = YES;
				CLANG_WARN_OBJC_ROOT_CLASS = YES_ERROR;
				CLANG_WARN_RANGE_LOOP_ANALYSIS = YES;
				CLANG_WARN_STRICT_PROTOTYPES = YES;
				CLANG_WARN_SUSPICIOUS_MOVE = YES;
				CLANG_WARN_UNGUARDED_AVAILABILITY = YES_AGGRESSIVE;
				CLANG_WARN_UNREACHABLE_CODE = YES;
				CLANG_WARN__DUPLICATE_METHOD_MATCH = YES;
				CODE_SIGN_IDENTITY = "iPhone Developer";
				COPY_PHASE_STRIP = NO;
				DEBUG_INFORMATION_FORMAT = "dwarf-with-dsym";
				ENABLE_NS_ASSERTIONS = NO;
				ENABLE_STRICT_OBJC_MSGSEND = YES;
				GCC_C_LANGUAGE_STANDARD = gnu11;
				GCC_NO_COMMON_BLOCKS = YES;
				GCC_WARN_64_TO_32_BIT_CONVERSION = YES;
				GCC_WARN_ABOUT_RETURN_TYPE = YES_ERROR;
				GCC_WARN_UNDECLARED_SELECTOR = YES;
				GCC_WARN_UNINITIALIZED_AUTOS = YES_AGGRESSIVE;
				GCC_WARN_UNUSED_FUNCTION = YES;
				GCC_WARN_UNUSED_VARIABLE = YES;
				IPHONEOS_DEPLOYMENT_TARGET = 12.1;
				MTL_ENABLE_DEBUG_INFO = NO;
				MTL_FAST_MATH = YES;
				SDKROOT = iphoneos;
				SWIFT_COMPILATION_MODE = wholemodule;
				SWIFT_OPTIMIZATION_LEVEL = "-O";
				VALIDATE_PRODUCT = YES;
			};
			name = Release;
		};
		04B2FD0B221D8A8900932D19 /* Debug */ = {
			isa = XCBuildConfiguration;
			buildSettings = {
				ASSETCATALOG_COMPILER_APPICON_NAME = AppIcon;
				CLANG_ENABLE_MODULES = YES;
				CODE_SIGN_STYLE = Automatic;
				FRAMEWORK_SEARCH_PATHS = (
					"$(inherited)",
					"$(PROJECT_DIR)/Carthage/Build/iOS",
				);
				INFOPLIST_FILE = BlackBox/Info.plist;
				LD_RUNPATH_SEARCH_PATHS = (
					"$(inherited)",
					"@executable_path/Frameworks",
				);
				PRODUCT_BUNDLE_IDENTIFIER = com.jflinter.BlackBox;
				PRODUCT_NAME = "$(TARGET_NAME)";
				SWIFT_OBJC_BRIDGING_HEADER = "BlackBox/BlackBox-Bridging-Header.h";
				SWIFT_OPTIMIZATION_LEVEL = "-Onone";
				SWIFT_VERSION = 4.2;
				TARGETED_DEVICE_FAMILY = "1,2";
			};
			name = Debug;
		};
		04B2FD0C221D8A8900932D19 /* Release */ = {
			isa = XCBuildConfiguration;
			buildSettings = {
				ASSETCATALOG_COMPILER_APPICON_NAME = AppIcon;
				CLANG_ENABLE_MODULES = YES;
				CODE_SIGN_STYLE = Automatic;
				FRAMEWORK_SEARCH_PATHS = (
					"$(inherited)",
					"$(PROJECT_DIR)/Carthage/Build/iOS",
				);
				INFOPLIST_FILE = BlackBox/Info.plist;
				LD_RUNPATH_SEARCH_PATHS = (
					"$(inherited)",
					"@executable_path/Frameworks",
				);
				PRODUCT_BUNDLE_IDENTIFIER = com.jflinter.BlackBox;
				PRODUCT_NAME = "$(TARGET_NAME)";
				SWIFT_OBJC_BRIDGING_HEADER = "BlackBox/BlackBox-Bridging-Header.h";
				SWIFT_VERSION = 4.2;
				TARGETED_DEVICE_FAMILY = "1,2";
			};
			name = Release;
		};
/* End XCBuildConfiguration section */

/* Begin XCConfigurationList section */
		04B2FCF3221D8A8700932D19 /* Build configuration list for PBXProject "BlackBox" */ = {
			isa = XCConfigurationList;
			buildConfigurations = (
				04B2FD08221D8A8900932D19 /* Debug */,
				04B2FD09221D8A8900932D19 /* Release */,
			);
			defaultConfigurationIsVisible = 0;
			defaultConfigurationName = Release;
		};
		04B2FD0A221D8A8900932D19 /* Build configuration list for PBXNativeTarget "BlackBox" */ = {
			isa = XCConfigurationList;
			buildConfigurations = (
				04B2FD0B221D8A8900932D19 /* Debug */,
				04B2FD0C221D8A8900932D19 /* Release */,
			);
			defaultConfigurationIsVisible = 0;
			defaultConfigurationName = Release;
		};
/* End XCConfigurationList section */
	};
	rootObject = 04B2FCF0221D8A8700932D19 /* Project object */;
}
